
Microsoft Visual Studio Solution File, Format Version 12.00
# Visual Studio 15
VisualStudioVersion = 15.0.28307.489
MinimumVisualStudioVersion = 10.0.40219.1
Project("{FAE04EC0-301F-11D3-BF4B-00C04F79EFBC}") = "ChicCarrental-web", "ChicCarrental-web\ChicCarrental-web.csproj", "{D0D9D9A0-F242-4251-9256-D4F91DFF10F3}"
EndProject
Project("{FAE04EC0-301F-11D3-BF4B-00C04F79EFBC}") = "ChicCarrental-Models", "ChicCarrental-Models\ChicCarrental-Models.csproj", "{AAE0EE2D-EDFB-4E55-9B68-0AB20614D08D}"
EndProject
Project("{FAE04EC0-301F-11D3-BF4B-00C04F79EFBC}") = "ChicCarrental-Controllers", "ChicCarrental-Controllers\ChicCarrental-Controllers.csproj", "{8DF86461-C8C9-46D8-9644-6FD81FD5AFE5}"
EndProject
Global
	GlobalSection(SolutionConfigurationPlatforms) = preSolution
		Debug|Any CPU = Debug|Any CPU
		Release|Any CPU = Release|Any CPU
	EndGlobalSection
	GlobalSection(ProjectConfigurationPlatforms) = postSolution
		{D0D9D9A0-F242-4251-9256-D4F91DFF10F3}.Debug|Any CPU.ActiveCfg = Debug|Any CPU
		{D0D9D9A0-F242-4251-9256-D4F91DFF10F3}.Debug|Any CPU.Build.0 = Debug|Any CPU
		{D0D9D9A0-F242-4251-9256-D4F91DFF10F3}.Release|Any CPU.ActiveCfg = Release|Any CPU
		{D0D9D9A0-F242-4251-9256-D4F91DFF10F3}.Release|Any CPU.Build.0 = Release|Any CPU
		{AAE0EE2D-EDFB-4E55-9B68-0AB20614D08D}.Debug|Any CPU.ActiveCfg = Debug|Any CPU
		{AAE0EE2D-EDFB-4E55-9B68-0AB20614D08D}.Debug|Any CPU.Build.0 = Debug|Any CPU
		{AAE0EE2D-EDFB-4E55-9B68-0AB20614D08D}.Release|Any CPU.ActiveCfg = Release|Any CPU
		{AAE0EE2D-EDFB-4E55-9B68-0AB20614D08D}.Release|Any CPU.Build.0 = Release|Any CPU
		{8DF86461-C8C9-46D8-9644-6FD81FD5AFE5}.Debug|Any CPU.ActiveCfg = Debug|Any CPU
		{8DF86461-C8C9-46D8-9644-6FD81FD5AFE5}.Debug|Any CPU.Build.0 = Debug|Any CPU
		{8DF86461-C8C9-46D8-9644-6FD81FD5AFE5}.Release|Any CPU.ActiveCfg = Release|Any CPU
		{8DF86461-C8C9-46D8-9644-6FD81FD5AFE5}.Release|Any CPU.Build.0 = Release|Any CPU
	EndGlobalSection
	GlobalSection(SolutionProperties) = preSolution
		HideSolutionNode = FALSE
	EndGlobalSection
	GlobalSection(ExtensibilityGlobals) = postSolution
		SolutionGuid = {F250808B-5BFB-412D-A711-8D7B1C4DEF8F}
	EndGlobalSection
EndGlobal
